
Microsoft Visual Studio Solution File, Format Version 12.00
# Visual Studio 14
VisualStudioVersion = 14.0.25420.1
MinimumVisualStudioVersion = 10.0.40219.1
Project("{8BC9CEB8-8B4A-11D0-8D11-00A0C91BC942}") = "CVDemo.Video.Split", "CVDemo.Video.Split\CVDemo.Video.Split.vcxproj", "{CDF67D4F-EE5B-4C61-A5ED-18BDAD2FE26C}"
EndProject
Project("{8BC9CEB8-8B4A-11D0-8D11-00A0C91BC942}") = "CVDemo.Video.CommonLib", "CVDemo.Video.CommonLib\CVDemo.Video.CommonLib.vcxproj", "{0BD2FFA2-DCAA-4FAA-9DA0-262B809E99F9}"
EndProject
Project("{8BC9CEB8-8B4A-11D0-8D11-00A0C91BC942}") = "CVDemo.Video.Join", "CVDemo.Video.Join\CVDemo.Video.Join.vcxproj", "{C2309608-B9D5-4DC7-9C7D-736DA155DF65}"
EndProject
Project("{8BC9CEB8-8B4A-11D0-8D11-00A0C91BC942}") = "CVDemo.Video.Resize", "CVDemo.Video.Resize\CVDemo.Video.Resize.vcxproj", "{EF4E9688-EC31-4611-8E17-B7ED59F45BA0}"
EndProject
Project("{8BC9CEB8-8B4A-11D0-8D11-00A0C91BC942}") = "CVDemo.Video.Decimate", "CVDemo.Video.Decimate\CVDemo.Video.Decimate.vcxproj", "{294A22EF-236F-4E07-AEE7-652A8E1AE369}"
EndProject
Project("{8BC9CEB8-8B4A-11D0-8D11-00A0C91BC942}") = "CVDemo.Video.Crop", "CVDemo.Video.Crop\CVDemo.Video.Crop.vcxproj", "{2CAD442B-FA33-40B6-99C1-FA74A8DD0719}"
EndProject
Project("{8BC9CEB8-8B4A-11D0-8D11-00A0C91BC942}") = "CVDemo.Video.Mosaic", "CVDemo.Video.Mosaic\CVDemo.Video.Mosaic.vcxproj", "{FA10AE24-BAF4-4AF5-9423-B1EDD45150B3}"
EndProject
Project("{8BC9CEB8-8B4A-11D0-8D11-00A0C91BC942}") = "CVDemo.Video.Blend", "CVDemo.Video.Blend\CVDemo.Video.Blend.vcxproj", "{6022D425-66C9-471A-BF9D-E99F6BA315A5}"
EndProject
Project("{8BC9CEB8-8B4A-11D0-8D11-00A0C91BC942}") = "CVDemo.Video.Stitch", "CVDemo.Video.Stitch\CVDemo.Video.Stitch.vcxproj", "{838703E9-77D9-4EF5-96B1-162F5EBD8CCC}"
EndProject
Project("{8BC9CEB8-8B4A-11D0-8D11-00A0C91BC942}") = "CVDemo.Video.Overlay", "CVDemo.Video.Overlay\CVDemo.Video.Overlay.vcxproj", "{ADC6C149-A4D2-4905-815B-D0472EEB5915}"
EndProject
Project("{8BC9CEB8-8B4A-11D0-8D11-00A0C91BC942}") = "CVDemo.Video.Combine", "CVDemo.Video.Combine\CVDemo.Video.Combine.vcxproj", "{24AF6ABC-00F9-4483-BA3A-480168754B2D}"
EndProject
Project("{8BC9CEB8-8B4A-11D0-8D11-00A0C91BC942}") = "CVDemo.Video.Divide", "CVDemo.Video.Divide\CVDemo.Video.Divide.vcxproj", "{8443FDFC-777F-4938-B71F-7C25AE00919A}"
EndProject
Project("{8BC9CEB8-8B4A-11D0-8D11-00A0C91BC942}") = "CVDemo.Video.Subtract", "CVDemo.Video.Subtract\CVDemo.Video.Subtract.vcxproj", "{81F6294C-D876-433E-BDB2-40749D20F175}"
EndProject
Project("{8BC9CEB8-8B4A-11D0-8D11-00A0C91BC942}") = "CVDemo.Video.Spotlight", "CVDemo.Video.Spotlight\CVDemo.Video.Spotlight.vcxproj", "{EAC30BFF-425F-4AE9-8E0B-EF0A2957EE1E}"
EndProject
Project("{8BC9CEB8-8B4A-11D0-8D11-00A0C91BC942}") = "CVDemo.Video.Track", "CVDemo.Video.Track\CVDemo.Video.Track.vcxproj", "{1F8488B9-30A5-42C6-A40C-8A69A5F48265}"
EndProject
Project("{8BC9CEB8-8B4A-11D0-8D11-00A0C91BC942}") = "CVDemo.Video.Motion", "CVDemo.Video.Motion\CVDemo.Video.Motion.vcxproj", "{C969E270-C3E6-4B49-827F-C95993AF07F2}"
EndProject
Global
	GlobalSection(SolutionConfigurationPlatforms) = preSolution
		Debug|x64 = Debug|x64
		Debug|x86 = Debug|x86
		Release|x64 = Release|x64
		Release|x86 = Release|x86
	EndGlobalSection
	GlobalSection(ProjectConfigurationPlatforms) = postSolution
		{CDF67D4F-EE5B-4C61-A5ED-18BDAD2FE26C}.Debug|x64.ActiveCfg = Debug|x64
		{CDF67D4F-EE5B-4C61-A5ED-18BDAD2FE26C}.Debug|x64.Build.0 = Debug|x64
		{CDF67D4F-EE5B-4C61-A5ED-18BDAD2FE26C}.Debug|x86.ActiveCfg = Debug|Win32
		{CDF67D4F-EE5B-4C61-A5ED-18BDAD2FE26C}.Debug|x86.Build.0 = Debug|Win32
		{CDF67D4F-EE5B-4C61-A5ED-18BDAD2FE26C}.Release|x64.ActiveCfg = Release|x64
		{CDF67D4F-EE5B-4C61-A5ED-18BDAD2FE26C}.Release|x64.Build.0 = Release|x64
		{CDF67D4F-EE5B-4C61-A5ED-18BDAD2FE26C}.Release|x86.ActiveCfg = Release|Win32
		{CDF67D4F-EE5B-4C61-A5ED-18BDAD2FE26C}.Release|x86.Build.0 = Release|Win32
		{0BD2FFA2-DCAA-4FAA-9DA0-262B809E99F9}.Debug|x64.ActiveCfg = Debug|x64
		{0BD2FFA2-DCAA-4FAA-9DA0-262B809E99F9}.Debug|x64.Build.0 = Debug|x64
		{0BD2FFA2-DCAA-4FAA-9DA0-262B809E99F9}.Debug|x86.ActiveCfg = Debug|Win32
		{0BD2FFA2-DCAA-4FAA-9DA0-262B809E99F9}.Debug|x86.Build.0 = Debug|Win32
		{0BD2FFA2-DCAA-4FAA-9DA0-262B809E99F9}.Release|x64.ActiveCfg = Release|x64
		{0BD2FFA2-DCAA-4FAA-9DA0-262B809E99F9}.Release|x64.Build.0 = Release|x64
		{0BD2FFA2-DCAA-4FAA-9DA0-262B809E99F9}.Release|x86.ActiveCfg = Release|Win32
		{0BD2FFA2-DCAA-4FAA-9DA0-262B809E99F9}.Release|x86.Build.0 = Release|Win32
		{C2309608-B9D5-4DC7-9C7D-736DA155DF65}.Debug|x64.ActiveCfg = Debug|x64
		{C2309608-B9D5-4DC7-9C7D-736DA155DF65}.Debug|x64.Build.0 = Debug|x64
		{C2309608-B9D5-4DC7-9C7D-736DA155DF65}.Debug|x86.ActiveCfg = Debug|Win32
		{C2309608-B9D5-4DC7-9C7D-736DA155DF65}.Debug|x86.Build.0 = Debug|Win32
		{C2309608-B9D5-4DC7-9C7D-736DA155DF65}.Release|x64.ActiveCfg = Release|x64
		{C2309608-B9D5-4DC7-9C7D-736DA155DF65}.Release|x64.Build.0 = Release|x64
		{C2309608-B9D5-4DC7-9C7D-736DA155DF65}.Release|x86.ActiveCfg = Release|Win32
		{C2309608-B9D5-4DC7-9C7D-736DA155DF65}.Release|x86.Build.0 = Release|Win32
		{EF4E9688-EC31-4611-8E17-B7ED59F45BA0}.Debug|x64.ActiveCfg = Debug|x64
		{EF4E9688-EC31-4611-8E17-B7ED59F45BA0}.Debug|x64.Build.0 = Debug|x64
		{EF4E9688-EC31-4611-8E17-B7ED59F45BA0}.Debug|x86.ActiveCfg = Debug|Win32
		{EF4E9688-EC31-4611-8E17-B7ED59F45BA0}.Debug|x86.Build.0 = Debug|Win32
		{EF4E9688-EC31-4611-8E17-B7ED59F45BA0}.Release|x64.ActiveCfg = Release|x64
		{EF4E9688-EC31-4611-8E17-B7ED59F45BA0}.Release|x64.Build.0 = Release|x64
		{EF4E9688-EC31-4611-8E17-B7ED59F45BA0}.Release|x86.ActiveCfg = Release|Win32
		{EF4E9688-EC31-4611-8E17-B7ED59F45BA0}.Release|x86.Build.0 = Release|Win32
		{294A22EF-236F-4E07-AEE7-652A8E1AE369}.Debug|x64.ActiveCfg = Debug|x64
		{294A22EF-236F-4E07-AEE7-652A8E1AE369}.Debug|x64.Build.0 = Debug|x64
		{294A22EF-236F-4E07-AEE7-652A8E1AE369}.Debug|x86.ActiveCfg = Debug|Win32
		{294A22EF-236F-4E07-AEE7-652A8E1AE369}.Debug|x86.Build.0 = Debug|Win32
		{294A22EF-236F-4E07-AEE7-652A8E1AE369}.Release|x64.ActiveCfg = Release|x64
		{294A22EF-236F-4E07-AEE7-652A8E1AE369}.Release|x64.Build.0 = Release|x64
		{294A22EF-236F-4E07-AEE7-652A8E1AE369}.Release|x86.ActiveCfg = Release|Win32
		{294A22EF-236F-4E07-AEE7-652A8E1AE369}.Release|x86.Build.0 = Release|Win32
		{2CAD442B-FA33-40B6-99C1-FA74A8DD0719}.Debug|x64.ActiveCfg = Debug|x64
		{2CAD442B-FA33-40B6-99C1-FA74A8DD0719}.Debug|x64.Build.0 = Debug|x64
		{2CAD442B-FA33-40B6-99C1-FA74A8DD0719}.Debug|x86.ActiveCfg = Debug|Win32
		{2CAD442B-FA33-40B6-99C1-FA74A8DD0719}.Debug|x86.Build.0 = Debug|Win32
		{2CAD442B-FA33-40B6-99C1-FA74A8DD0719}.Release|x64.ActiveCfg = Release|x64
		{2CAD442B-FA33-40B6-99C1-FA74A8DD0719}.Release|x64.Build.0 = Release|x64
		{2CAD442B-FA33-40B6-99C1-FA74A8DD0719}.Release|x86.ActiveCfg = Release|Win32
		{2CAD442B-FA33-40B6-99C1-FA74A8DD0719}.Release|x86.Build.0 = Release|Win32
		{FA10AE24-BAF4-4AF5-9423-B1EDD45150B3}.Debug|x64.ActiveCfg = Debug|x64
		{FA10AE24-BAF4-4AF5-9423-B1EDD45150B3}.Debug|x64.Build.0 = Debug|x64
		{FA10AE24-BAF4-4AF5-9423-B1EDD45150B3}.Debug|x86.ActiveCfg = Debug|Win32
		{FA10AE24-BAF4-4AF5-9423-B1EDD45150B3}.Debug|x86.Build.0 = Debug|Win32
		{FA10AE24-BAF4-4AF5-9423-B1EDD45150B3}.Release|x64.ActiveCfg = Release|x64
		{FA10AE24-BAF4-4AF5-9423-B1EDD45150B3}.Release|x64.Build.0 = Release|x64
		{FA10AE24-BAF4-4AF5-9423-B1EDD45150B3}.Release|x86.ActiveCfg = Release|Win32
		{FA10AE24-BAF4-4AF5-9423-B1EDD45150B3}.Release|x86.Build.0 = Release|Win32
		{6022D425-66C9-471A-BF9D-E99F6BA315A5}.Debug|x64.ActiveCfg = Debug|x64
		{6022D425-66C9-471A-BF9D-E99F6BA315A5}.Debug|x64.Build.0 = Debug|x64
		{6022D425-66C9-471A-BF9D-E99F6BA315A5}.Debug|x86.ActiveCfg = Debug|Win32
		{6022D425-66C9-471A-BF9D-E99F6BA315A5}.Debug|x86.Build.0 = Debug|Win32
		{6022D425-66C9-471A-BF9D-E99F6BA315A5}.Release|x64.ActiveCfg = Release|x64
		{6022D425-66C9-471A-BF9D-E99F6BA315A5}.Release|x64.Build.0 = Release|x64
		{6022D425-66C9-471A-BF9D-E99F6BA315A5}.Release|x86.ActiveCfg = Release|Win32
		{6022D425-66C9-471A-BF9D-E99F6BA315A5}.Release|x86.Build.0 = Release|Win32
		{838703E9-77D9-4EF5-96B1-162F5EBD8CCC}.Debug|x64.ActiveCfg = Debug|x64
		{838703E9-77D9-4EF5-96B1-162F5EBD8CCC}.Debug|x64.Build.0 = Debug|x64
		{838703E9-77D9-4EF5-96B1-162F5EBD8CCC}.Debug|x86.ActiveCfg = Debug|Win32
		{838703E9-77D9-4EF5-96B1-162F5EBD8CCC}.Debug|x86.Build.0 = Debug|Win32
		{838703E9-77D9-4EF5-96B1-162F5EBD8CCC}.Release|x64.ActiveCfg = Release|x64
		{838703E9-77D9-4EF5-96B1-162F5EBD8CCC}.Release|x64.Build.0 = Release|x64
		{838703E9-77D9-4EF5-96B1-162F5EBD8CCC}.Release|x86.ActiveCfg = Release|Win32
		{838703E9-77D9-4EF5-96B1-162F5EBD8CCC}.Release|x86.Build.0 = Release|Win32
		{ADC6C149-A4D2-4905-815B-D0472EEB5915}.Debug|x64.ActiveCfg = Debug|x64
		{ADC6C149-A4D2-4905-815B-D0472EEB5915}.Debug|x64.Build.0 = Debug|x64
		{ADC6C149-A4D2-4905-815B-D0472EEB5915}.Debug|x86.ActiveCfg = Debug|Win32
		{ADC6C149-A4D2-4905-815B-D0472EEB5915}.Debug|x86.Build.0 = Debug|Win32
		{ADC6C149-A4D2-4905-815B-D0472EEB5915}.Release|x64.ActiveCfg = Release|x64
		{ADC6C149-A4D2-4905-815B-D0472EEB5915}.Release|x64.Build.0 = Release|x64
		{ADC6C149-A4D2-4905-815B-D0472EEB5915}.Release|x86.ActiveCfg = Release|Win32
		{ADC6C149-A4D2-4905-815B-D0472EEB5915}.Release|x86.Build.0 = Release|Win32
		{24AF6ABC-00F9-4483-BA3A-480168754B2D}.Debug|x64.ActiveCfg = Debug|x64
		{24AF6ABC-00F9-4483-BA3A-480168754B2D}.Debug|x64.Build.0 = Debug|x64
		{24AF6ABC-00F9-4483-BA3A-480168754B2D}.Debug|x86.ActiveCfg = Debug|Win32
		{24AF6ABC-00F9-4483-BA3A-480168754B2D}.Debug|x86.Build.0 = Debug|Win32
		{24AF6ABC-00F9-4483-BA3A-480168754B2D}.Release|x64.ActiveCfg = Release|x64
		{24AF6ABC-00F9-4483-BA3A-480168754B2D}.Release|x64.Build.0 = Release|x64
		{24AF6ABC-00F9-4483-BA3A-480168754B2D}.Release|x86.ActiveCfg = Release|Win32
		{24AF6ABC-00F9-4483-BA3A-480168754B2D}.Release|x86.Build.0 = Release|Win32
		{8443FDFC-777F-4938-B71F-7C25AE00919A}.Debug|x64.ActiveCfg = Debug|x64
		{8443FDFC-777F-4938-B71F-7C25AE00919A}.Debug|x64.Build.0 = Debug|x64
		{8443FDFC-777F-4938-B71F-7C25AE00919A}.Debug|x86.ActiveCfg = Debug|Win32
		{8443FDFC-777F-4938-B71F-7C25AE00919A}.Debug|x86.Build.0 = Debug|Win32
		{8443FDFC-777F-4938-B71F-7C25AE00919A}.Release|x64.ActiveCfg = Release|x64
		{8443FDFC-777F-4938-B71F-7C25AE00919A}.Release|x64.Build.0 = Release|x64
		{8443FDFC-777F-4938-B71F-7C25AE00919A}.Release|x86.ActiveCfg = Release|Win32
		{8443FDFC-777F-4938-B71F-7C25AE00919A}.Release|x86.Build.0 = Release|Win32
		{81F6294C-D876-433E-BDB2-40749D20F175}.Debug|x64.ActiveCfg = Debug|x64
		{81F6294C-D876-433E-BDB2-40749D20F175}.Debug|x64.Build.0 = Debug|x64
		{81F6294C-D876-433E-BDB2-40749D20F175}.Debug|x86.ActiveCfg = Debug|Win32
		{81F6294C-D876-433E-BDB2-40749D20F175}.Debug|x86.Build.0 = Debug|Win32
		{81F6294C-D876-433E-BDB2-40749D20F175}.Release|x64.ActiveCfg = Release|x64
		{81F6294C-D876-433E-BDB2-40749D20F175}.Release|x64.Build.0 = Release|x64
		{81F6294C-D876-433E-BDB2-40749D20F175}.Release|x86.ActiveCfg = Release|Win32
		{81F6294C-D876-433E-BDB2-40749D20F175}.Release|x86.Build.0 = Release|Win32
		{EAC30BFF-425F-4AE9-8E0B-EF0A2957EE1E}.Debug|x64.ActiveCfg = Debug|x64
		{EAC30BFF-425F-4AE9-8E0B-EF0A2957EE1E}.Debug|x64.Build.0 = Debug|x64
		{EAC30BFF-425F-4AE9-8E0B-EF0A2957EE1E}.Debug|x86.ActiveCfg = Debug|Win32
		{EAC30BFF-425F-4AE9-8E0B-EF0A2957EE1E}.Debug|x86.Build.0 = Debug|Win32
		{EAC30BFF-425F-4AE9-8E0B-EF0A2957EE1E}.Release|x64.ActiveCfg = Release|x64
		{EAC30BFF-425F-4AE9-8E0B-EF0A2957EE1E}.Release|x64.Build.0 = Release|x64
		{EAC30BFF-425F-4AE9-8E0B-EF0A2957EE1E}.Release|x86.ActiveCfg = Release|Win32
		{EAC30BFF-425F-4AE9-8E0B-EF0A2957EE1E}.Release|x86.Build.0 = Release|Win32
		{1F8488B9-30A5-42C6-A40C-8A69A5F48265}.Debug|x64.ActiveCfg = Debug|x64
		{1F8488B9-30A5-42C6-A40C-8A69A5F48265}.Debug|x64.Build.0 = Debug|x64
		{1F8488B9-30A5-42C6-A40C-8A69A5F48265}.Debug|x86.ActiveCfg = Debug|Win32
		{1F8488B9-30A5-42C6-A40C-8A69A5F48265}.Debug|x86.Build.0 = Debug|Win32
		{1F8488B9-30A5-42C6-A40C-8A69A5F48265}.Release|x64.ActiveCfg = Release|x64
		{1F8488B9-30A5-42C6-A40C-8A69A5F48265}.Release|x64.Build.0 = Release|x64
		{1F8488B9-30A5-42C6-A40C-8A69A5F48265}.Release|x86.ActiveCfg = Release|Win32
		{1F8488B9-30A5-42C6-A40C-8A69A5F48265}.Release|x86.Build.0 = Release|Win32
		{C969E270-C3E6-4B49-827F-C95993AF07F2}.Debug|x64.ActiveCfg = Debug|x64
		{C969E270-C3E6-4B49-827F-C95993AF07F2}.Debug|x64.Build.0 = Debug|x64
		{C969E270-C3E6-4B49-827F-C95993AF07F2}.Debug|x86.ActiveCfg = Debug|Win32
		{C969E270-C3E6-4B49-827F-C95993AF07F2}.Debug|x86.Build.0 = Debug|Win32
		{C969E270-C3E6-4B49-827F-C95993AF07F2}.Release|x64.ActiveCfg = Release|x64
		{C969E270-C3E6-4B49-827F-C95993AF07F2}.Release|x64.Build.0 = Release|x64
		{C969E270-C3E6-4B49-827F-C95993AF07F2}.Release|x86.ActiveCfg = Release|Win32
		{C969E270-C3E6-4B49-827F-C95993AF07F2}.Release|x86.Build.0 = Release|Win32
	EndGlobalSection
	GlobalSection(SolutionProperties) = preSolution
		HideSolutionNode = FALSE
	EndGlobalSection
EndGlobal
